<?xml version="1.0" encoding="utf-8"?>
<Project ToolsVersion="4.0" xmlns="http://schemas.microsoft.com/developer/msbuild/2003">
  <ItemGroup>
    <Filter Include="源文件">
      <UniqueIdentifier>{4FC737F1-C7A5-4376-A066-2A32D752A2FF}</UniqueIdentifier>
      <Extensions>cpp;c;cc;cxx;c++;cppm;ixx;def;odl;idl;hpj;bat;asm;asmx</Extensions>
    </Filter>
    <Filter Include="头文件">
      <UniqueIdentifier>{93995380-89BD-4b04-88EB-625FBE52EBFB}</UniqueIdentifier>
      <Extensions>h;hh;hpp;hxx;h++;hm;inl;inc;ipp;xsd</Extensions>
    </Filter>
    <Filter Include="资源文件">
      <UniqueIdentifier>{67DA6AB6-F800-4c08-8B7A-83BB121AAD01}</UniqueIdentifier>
      <Extensions>rc;ico;cur;bmp;dlg;rc2;rct;bin;rgs;gif;jpg;jpeg;jpe;resx;tiff;tif;png;wav;mfcribbon-ms</Extensions>
    </Filter>
  </ItemGroup>
  <ItemGroup>
    <ClCompile Include="src\Physics\CubismPhysics.cpp">
      <Filter>源文件</Filter>
    </ClCompile>
    <ClCompile Include="src\Physics\CubismPhysicsJson.cpp">
      <Filter>源文件</Filter>
    </ClCompile>
    <ClCompile Include="src\Rendering\CubismRenderer.cpp">
      <Filter>源文件</Filter>
    </ClCompile>
    <ClCompile Include="src\Rendering\OpenGL\CubismOffscreenSurface_OpenGLES2.cpp">
      <Filter>源文件</Filter>
    </ClCompile>
    <ClCompile Include="src\Rendering\OpenGL\CubismRenderer_OpenGLES2.cpp">
      <Filter>源文件</Filter>
    </ClCompile>
    <ClCompile Include="src\Type\csmRectF.cpp">
      <Filter>源文件</Filter>
    </ClCompile>
    <ClCompile Include="src\Type\csmString.cpp">
      <Filter>源文件</Filter>
    </ClCompile>
    <ClCompile Include="src\Utils\CubismDebug.cpp">
      <Filter>源文件</Filter>
    </ClCompile>
    <ClCompile Include="src\Utils\CubismJson.cpp">
      <Filter>源文件</Filter>
    </ClCompile>
    <ClCompile Include="src\Utils\CubismString.cpp">
      <Filter>源文件</Filter>
    </ClCompile>
    <ClCompile Include="src\CubismCdiJson.cpp">
      <Filter>源文件</Filter>
    </ClCompile>
    <ClCompile Include="src\CubismDefaultParameterId.cpp">
      <Filter>源文件</Filter>
    </ClCompile>
    <ClCompile Include="src\CubismFramework.cpp">
      <Filter>源文件</Filter>
    </ClCompile>
    <ClCompile Include="src\CubismModelSettingJson.cpp">
      <Filter>源文件</Filter>
    </ClCompile>
    <ClCompile Include="src\Effect\CubismBreath.cpp">
      <Filter>源文件</Filter>
    </ClCompile>
    <ClCompile Include="src\Effect\CubismEyeBlink.cpp">
      <Filter>源文件</Filter>
    </ClCompile>
    <ClCompile Include="src\Effect\CubismPose.cpp">
      <Filter>源文件</Filter>
    </ClCompile>
    <ClCompile Include="src\Id\CubismId.cpp">
      <Filter>源文件</Filter>
    </ClCompile>
    <ClCompile Include="src\Id\CubismIdManager.cpp">
      <Filter>源文件</Filter>
    </ClCompile>
    <ClCompile Include="src\Math\CubismMath.cpp">
      <Filter>源文件</Filter>
    </ClCompile>
    <ClCompile Include="src\Math\CubismMatrix44.cpp">
      <Filter>源文件</Filter>
    </ClCompile>
    <ClCompile Include="src\Math\CubismModelMatrix.cpp">
      <Filter>源文件</Filter>
    </ClCompile>
    <ClCompile Include="src\Math\CubismTargetPoint.cpp">
      <Filter>源文件</Filter>
    </ClCompile>
    <ClCompile Include="src\Math\CubismVector2.cpp">
      <Filter>源文件</Filter>
    </ClCompile>
    <ClCompile Include="src\Math\CubismViewMatrix.cpp">
      <Filter>源文件</Filter>
    </ClCompile>
    <ClCompile Include="src\Model\CubismMoc.cpp">
      <Filter>源文件</Filter>
    </ClCompile>
    <ClCompile Include="src\Model\CubismModel.cpp">
      <Filter>源文件</Filter>
    </ClCompile>
    <ClCompile Include="src\Model\CubismModelUserData.cpp">
      <Filter>源文件</Filter>
    </ClCompile>
    <ClCompile Include="src\Model\CubismModelUserDataJson.cpp">
      <Filter>源文件</Filter>
    </ClCompile>
    <ClCompile Include="src\Model\CubismUserModel.cpp">
      <Filter>源文件</Filter>
    </ClCompile>
    <ClCompile Include="src\Motion\ACubismMotion.cpp">
      <Filter>源文件</Filter>
    </ClCompile>
    <ClCompile Include="src\Motion\CubismExpressionMotion.cpp">
      <Filter>源文件</Filter>
    </ClCompile>
    <ClCompile Include="src\Motion\CubismMotion.cpp">
      <Filter>源文件</Filter>
    </ClCompile>
    <ClCompile Include="src\Motion\CubismMotionJson.cpp">
      <Filter>源文件</Filter>
    </ClCompile>
    <ClCompile Include="src\Motion\CubismMotionManager.cpp">
      <Filter>源文件</Filter>
    </ClCompile>
    <ClCompile Include="src\Motion\CubismMotionQueueEntry.cpp">
      <Filter>源文件</Filter>
    </ClCompile>
    <ClCompile Include="src\Motion\CubismMotionQueueManager.cpp">
      <Filter>源文件</Filter>
    </ClCompile>
  </ItemGroup>
  <ItemGroup>
    <ClInclude Include="src\Physics\CubismPhysics.hpp">
      <Filter>头文件</Filter>
    </ClInclude>
    <ClInclude Include="src\Physics\CubismPhysicsInternal.hpp">
      <Filter>头文件</Filter>
    </ClInclude>
    <ClInclude Include="src\Physics\CubismPhysicsJson.hpp">
      <Filter>头文件</Filter>
    </ClInclude>
    <ClInclude Include="src\Rendering\CubismRenderer.hpp">
      <Filter>头文件</Filter>
    </ClInclude>
    <ClInclude Include="src\Rendering\Metal\MetalShaderTypes.h">
      <Filter>头文件</Filter>
    </ClInclude>
    <ClInclude Include="src\Rendering\OpenGL\CubismOffscreenSurface_OpenGLES2.hpp">
      <Filter>头文件</Filter>
    </ClInclude>
    <ClInclude Include="src\Rendering\OpenGL\CubismRenderer_OpenGLES2.hpp">
      <Filter>头文件</Filter>
    </ClInclude>
    <ClInclude Include="src\Type\csmMap.hpp">
      <Filter>头文件</Filter>
    </ClInclude>
    <ClInclude Include="src\Type\csmRectF.hpp">
      <Filter>头文件</Filter>
    </ClInclude>
    <ClInclude Include="src\Type\csmString.hpp">
      <Filter>头文件</Filter>
    </ClInclude>
    <ClInclude Include="src\Type\csmVector.hpp">
      <Filter>头文件</Filter>
    </ClInclude>
    <ClInclude Include="src\Type\CubismBasicType.hpp">
      <Filter>头文件</Filter>
    </ClInclude>
    <ClInclude Include="src\Utils\CubismDebug.hpp">
      <Filter>头文件</Filter>
    </ClInclude>
    <ClInclude Include="src\Utils\CubismJson.hpp">
      <Filter>头文件</Filter>
    </ClInclude>
    <ClInclude Include="src\Utils\CubismString.hpp">
      <Filter>头文件</Filter>
    </ClInclude>
    <ClInclude Include="src\CubismCdiJson.hpp">
      <Filter>头文件</Filter>
    </ClInclude>
    <ClInclude Include="src\CubismDefaultParameterId.hpp">
      <Filter>头文件</Filter>
    </ClInclude>
    <ClInclude Include="src\CubismFramework.hpp">
      <Filter>头文件</Filter>
    </ClInclude>
    <ClInclude Include="src\CubismFrameworkConfig.hpp">
      <Filter>头文件</Filter>
    </ClInclude>
    <ClInclude Include="src\CubismJsonHolder.hpp">
      <Filter>头文件</Filter>
    </ClInclude>
    <ClInclude Include="src\CubismModelSettingJson.hpp">
      <Filter>头文件</Filter>
    </ClInclude>
    <ClInclude Include="src\ICubismAllocator.hpp">
      <Filter>头文件</Filter>
    </ClInclude>
    <ClInclude Include="src\ICubismModelSetting.hpp">
      <Filter>头文件</Filter>
    </ClInclude>
    <ClInclude Include="src\Live2DCubismCore.hpp">
      <Filter>头文件</Filter>
    </ClInclude>
    <ClInclude Include="src\Effect\CubismBreath.hpp">
      <Filter>头文件</Filter>
    </ClInclude>
    <ClInclude Include="src\Effect\CubismEyeBlink.hpp">
      <Filter>头文件</Filter>
    </ClInclude>
    <ClInclude Include="src\Effect\CubismPose.hpp">
      <Filter>头文件</Filter>
    </ClInclude>
    <ClInclude Include="src\Id\CubismId.hpp">
      <Filter>头文件</Filter>
    </ClInclude>
    <ClInclude Include="src\Id\CubismIdManager.hpp">
      <Filter>头文件</Filter>
    </ClInclude>
    <ClInclude Include="src\Math\CubismMath.hpp">
      <Filter>头文件</Filter>
    </ClInclude>
    <ClInclude Include="src\Math\CubismMatrix44.hpp">
      <Filter>头文件</Filter>
    </ClInclude>
    <ClInclude Include="src\Math\CubismModelMatrix.hpp">
      <Filter>头文件</Filter>
    </ClInclude>
    <ClInclude Include="src\Math\CubismTargetPoint.hpp">
      <Filter>头文件</Filter>
    </ClInclude>
    <ClInclude Include="src\Math\CubismVector2.hpp">
      <Filter>头文件</Filter>
    </ClInclude>
    <ClInclude Include="src\Math\CubismViewMatrix.hpp">
      <Filter>头文件</Filter>
    </ClInclude>
    <ClInclude Include="src\Model\CubismMoc.hpp">
      <Filter>头文件</Filter>
    </ClInclude>
    <ClInclude Include="src\Model\CubismModel.hpp">
      <Filter>头文件</Filter>
    </ClInclude>
    <ClInclude Include="src\Model\CubismModelUserData.hpp">
      <Filter>头文件</Filter>
    </ClInclude>
    <ClInclude Include="src\Model\CubismModelUserDataJson.hpp">
      <Filter>头文件</Filter>
    </ClInclude>
    <ClInclude Include="src\Model\CubismUserModel.hpp">
      <Filter>头文件</Filter>
    </ClInclude>
    <ClInclude Include="src\Motion\ACubismMotion.hpp">
      <Filter>头文件</Filter>
    </ClInclude>
    <ClInclude Include="src\Motion\CubismExpressionMotion.hpp">
      <Filter>头文件</Filter>
    </ClInclude>
    <ClInclude Include="src\Motion\CubismMotion.hpp">
      <Filter>头文件</Filter>
    </ClInclude>
    <ClInclude Include="src\Motion\CubismMotionInternal.hpp">
      <Filter>头文件</Filter>
    </ClInclude>
    <ClInclude Include="src\Motion\CubismMotionJson.hpp">
      <Filter>头文件</Filter>
    </ClInclude>
    <ClInclude Include="src\Motion\CubismMotionManager.hpp">
      <Filter>头文件</Filter>
    </ClInclude>
    <ClInclude Include="src\Motion\CubismMotionQueueEntry.hpp">
      <Filter>头文件</Filter>
    </ClInclude>
    <ClInclude Include="src\Motion\CubismMotionQueueManager.hpp">
      <Filter>头文件</Filter>
    </ClInclude>
    <ClInclude Include="core\Live2DCubismCore.h">
      <Filter>头文件</Filter>
    </ClInclude>
  </ItemGroup>
</Project>